
Microsoft Visual Studio Solution File, Format Version 12.00
# Visual Studio Version 17
VisualStudioVersion = 17.11.35312.102
MinimumVisualStudioVersion = 10.0.40219.1
Project("{9A19103F-16F7-4668-BE54-9A1E7A4F7556}") = "btl_web_coffeeshop", "btl_web_coffeeshop\btl_web_coffeeshop.csproj", "{76F645C5-C768-4E28-B5DB-A8B1E5231402}"
EndProject
Global
	GlobalSection(SolutionConfigurationPlatforms) = preSolution
		Debug|Any CPU = Debug|Any CPU
		Release|Any CPU = Release|Any CPU
	EndGlobalSection
	GlobalSection(ProjectConfigurationPlatforms) = postSolution
		{76F645C5-C768-4E28-B5DB-A8B1E5231402}.Debug|Any CPU.ActiveCfg = Debug|Any CPU
		{76F645C5-C768-4E28-B5DB-A8B1E5231402}.Debug|Any CPU.Build.0 = Debug|Any CPU
		{76F645C5-C768-4E28-B5DB-A8B1E5231402}.Release|Any CPU.ActiveCfg = Release|Any CPU
		{76F645C5-C768-4E28-B5DB-A8B1E5231402}.Release|Any CPU.Build.0 = Release|Any CPU
	EndGlobalSection
	GlobalSection(SolutionProperties) = preSolution
		HideSolutionNode = FALSE
	EndGlobalSection
	GlobalSection(ExtensibilityGlobals) = postSolution
		SolutionGuid = {A32883D1-EF7A-45E9-8833-BA0C608AD4F3}
	EndGlobalSection
EndGlobal
